{
  "name": "portfolio",
  "lockfileVersion": 2,
  "requires": true,
  "packages": {
    "": {
      "dependencies": {
        "three": "^0.157.0"
      },
      "devDependencies": {
        "esbuild-wasm": "^0.19.4"
      }
    },
    "node_modules/esbuild-wasm": {
      "version": "0.19.4",
      "resolved": "https://registry.npmjs.org/esbuild-wasm/-/esbuild-wasm-0.19.4.tgz",
      "integrity": "sha512-i/9KP80bdGhWBvYjAJd8u3cwMvaAdBeuSwKcAJ2tfsMkS1q4ZqB0wecc3lELJC/pg7rysx21uw1JofkYLuexrg==",
      "dev": true,
      "bin": {
        "esbuild": "bin/esbuild"
      },
      "engines": {
        "node": ">=12"
      }
    },
    "node_modules/three": {
      "version": "0.157.0",
      "resolved": "https://registry.npmjs.org/three/-/three-0.157.0.tgz",
      "integrity": "sha512-CeAwQrf4x3z0/e+MC4F+nXLW5t0gh3pw+L6CCBqpHvOq3bGYIgRYub7Pv0j/9wR+d++OiEglyZzWyuSYbwWGOA=="
    }
  },
  "dependencies": {
    "esbuild-wasm": {
      "version": "0.19.4",
      "resolved": "https://registry.npmjs.org/esbuild-wasm/-/esbuild-wasm-0.19.4.tgz",
      "integrity": "sha512-i/9KP80bdGhWBvYjAJd8u3cwMvaAdBeuSwKcAJ2tfsMkS1q4ZqB0wecc3lELJC/pg7rysx21uw1JofkYLuexrg==",
      "dev": true
    },
    "three": {
      "version": "0.157.0",
      "resolved": "https://registry.npmjs.org/three/-/three-0.157.0.tgz",
      "integrity": "sha512-CeAwQrf4x3z0/e+MC4F+nXLW5t0gh3pw+L6CCBqpHvOq3bGYIgRYub7Pv0j/9wR+d++OiEglyZzWyuSYbwWGOA=="
    }
  }
}
